
Microsoft Visual Studio Solution File, Format Version 12.00
# Visual Studio Version 16
VisualStudioVersion = 16.0.30225.117
MinimumVisualStudioVersion = 10.0.40219.1
Project("{FAE04EC0-301F-11D3-BF4B-00C04F79EFBC}") = "LeetCode9", "LeetCode9.csproj", "{37BC41D9-1EF1-4996-9218-A3133D3EAD66}"
EndProject
Global
	GlobalSection(SolutionConfigurationPlatforms) = preSolution
		Debug|Any CPU = Debug|Any CPU
		Release|Any CPU = Release|Any CPU
	EndGlobalSection
	GlobalSection(ProjectConfigurationPlatforms) = postSolution
		{37BC41D9-1EF1-4996-9218-A3133D3EAD66}.Debug|Any CPU.ActiveCfg = Debug|Any CPU
		{37BC41D9-1EF1-4996-9218-A3133D3EAD66}.Debug|Any CPU.Build.0 = Debug|Any CPU
		{37BC41D9-1EF1-4996-9218-A3133D3EAD66}.Release|Any CPU.ActiveCfg = Release|Any CPU
		{37BC41D9-1EF1-4996-9218-A3133D3EAD66}.Release|Any CPU.Build.0 = Release|Any CPU
	EndGlobalSection
	GlobalSection(SolutionProperties) = preSolution
		HideSolutionNode = FALSE
	EndGlobalSection
	GlobalSection(ExtensibilityGlobals) = postSolution
		SolutionGuid = {E212E63C-C567-4884-B913-F61951ECD039}
	EndGlobalSection
EndGlobal
