
Microsoft Visual Studio Solution File, Format Version 12.00
# Visual Studio Version 16
VisualStudioVersion = 16.0.30225.117
MinimumVisualStudioVersion = 10.0.40219.1
Project("{FAE04EC0-301F-11D3-BF4B-00C04F79EFBC}") = "LeetCode7", "LeetCode7.csproj", "{DB704827-7D18-43DE-8538-7CB1AD478BA8}"
EndProject
Global
	GlobalSection(SolutionConfigurationPlatforms) = preSolution
		Debug|Any CPU = Debug|Any CPU
		Release|Any CPU = Release|Any CPU
	EndGlobalSection
	GlobalSection(ProjectConfigurationPlatforms) = postSolution
		{DB704827-7D18-43DE-8538-7CB1AD478BA8}.Debug|Any CPU.ActiveCfg = Debug|Any CPU
		{DB704827-7D18-43DE-8538-7CB1AD478BA8}.Debug|Any CPU.Build.0 = Debug|Any CPU
		{DB704827-7D18-43DE-8538-7CB1AD478BA8}.Release|Any CPU.ActiveCfg = Release|Any CPU
		{DB704827-7D18-43DE-8538-7CB1AD478BA8}.Release|Any CPU.Build.0 = Release|Any CPU
	EndGlobalSection
	GlobalSection(SolutionProperties) = preSolution
		HideSolutionNode = FALSE
	EndGlobalSection
	GlobalSection(ExtensibilityGlobals) = postSolution
		SolutionGuid = {3F0A4809-2206-4EF3-B45D-451E04D06AFA}
	EndGlobalSection
EndGlobal
